
Microsoft Visual Studio Solution File, Format Version 12.00
# Visual Studio Version 17
VisualStudioVersion = 17.6.33829.357
MinimumVisualStudioVersion = 10.0.40219.1
Project("{FAE04EC0-301F-11D3-BF4B-00C04F79EFBC}") = "TasksDemo", "TasksDemo\TasksDemo.csproj", "{744BB1DA-B6C5-49B6-B9A6-7B064BDF2142}"
EndProject
Project("{FAE04EC0-301F-11D3-BF4B-00C04F79EFBC}") = "AsyncAwait", "AsyncAwait\AsyncAwait.csproj", "{BEC74577-DCCB-4787-9408-DC8311F72E93}"
EndProject
Project("{FAE04EC0-301F-11D3-BF4B-00C04F79EFBC}") = "LINQDemo", "LINQDemo\LINQDemo.csproj", "{C72FA117-12D0-4284-BCF8-2D353299A196}"
EndProject
Global
	GlobalSection(SolutionConfigurationPlatforms) = preSolution
		Debug|Any CPU = Debug|Any CPU
		Release|Any CPU = Release|Any CPU
	EndGlobalSection
	GlobalSection(ProjectConfigurationPlatforms) = postSolution
		{744BB1DA-B6C5-49B6-B9A6-7B064BDF2142}.Debug|Any CPU.ActiveCfg = Debug|Any CPU
		{744BB1DA-B6C5-49B6-B9A6-7B064BDF2142}.Debug|Any CPU.Build.0 = Debug|Any CPU
		{744BB1DA-B6C5-49B6-B9A6-7B064BDF2142}.Release|Any CPU.ActiveCfg = Release|Any CPU
		{744BB1DA-B6C5-49B6-B9A6-7B064BDF2142}.Release|Any CPU.Build.0 = Release|Any CPU
		{BEC74577-DCCB-4787-9408-DC8311F72E93}.Debug|Any CPU.ActiveCfg = Debug|Any CPU
		{BEC74577-DCCB-4787-9408-DC8311F72E93}.Debug|Any CPU.Build.0 = Debug|Any CPU
		{BEC74577-DCCB-4787-9408-DC8311F72E93}.Release|Any CPU.ActiveCfg = Release|Any CPU
		{BEC74577-DCCB-4787-9408-DC8311F72E93}.Release|Any CPU.Build.0 = Release|Any CPU
		{C72FA117-12D0-4284-BCF8-2D353299A196}.Debug|Any CPU.ActiveCfg = Debug|Any CPU
		{C72FA117-12D0-4284-BCF8-2D353299A196}.Debug|Any CPU.Build.0 = Debug|Any CPU
		{C72FA117-12D0-4284-BCF8-2D353299A196}.Release|Any CPU.ActiveCfg = Release|Any CPU
		{C72FA117-12D0-4284-BCF8-2D353299A196}.Release|Any CPU.Build.0 = Release|Any CPU
	EndGlobalSection
	GlobalSection(SolutionProperties) = preSolution
		HideSolutionNode = FALSE
	EndGlobalSection
	GlobalSection(ExtensibilityGlobals) = postSolution
		SolutionGuid = {F2662612-51A9-4D32-9859-9D6C4D812ADC}
	EndGlobalSection
EndGlobal
