
Microsoft Visual Studio Solution File, Format Version 12.00
# Visual Studio Version 17
VisualStudioVersion = 17.7.34202.233
MinimumVisualStudioVersion = 10.0.40219.1
Project("{FAE04EC0-301F-11D3-BF4B-00C04F79EFBC}") = "Dag_16_Bush_craft_hobby", "Dag_16_Bush_craft_hobby.csproj", "{128B601C-39F9-437F-9A3C-C830F5A406E4}"
EndProject
Global
	GlobalSection(SolutionConfigurationPlatforms) = preSolution
		Debug|Any CPU = Debug|Any CPU
		Release|Any CPU = Release|Any CPU
	EndGlobalSection
	GlobalSection(ProjectConfigurationPlatforms) = postSolution
		{128B601C-39F9-437F-9A3C-C830F5A406E4}.Debug|Any CPU.ActiveCfg = Debug|Any CPU
		{128B601C-39F9-437F-9A3C-C830F5A406E4}.Debug|Any CPU.Build.0 = Debug|Any CPU
		{128B601C-39F9-437F-9A3C-C830F5A406E4}.Release|Any CPU.ActiveCfg = Release|Any CPU
		{128B601C-39F9-437F-9A3C-C830F5A406E4}.Release|Any CPU.Build.0 = Release|Any CPU
	EndGlobalSection
	GlobalSection(SolutionProperties) = preSolution
		HideSolutionNode = FALSE
	EndGlobalSection
	GlobalSection(ExtensibilityGlobals) = postSolution
		SolutionGuid = {086516D7-B037-4C6F-B0A8-CE342368AEA0}
	EndGlobalSection
EndGlobal
