
Microsoft Visual Studio Solution File, Format Version 12.00
# Visual Studio Version 17
VisualStudioVersion = 17.7.34202.233
MinimumVisualStudioVersion = 10.0.40219.1
Project("{FAE04EC0-301F-11D3-BF4B-00C04F79EFBC}") = "Eksamensprojekt.Server", "Server\Eksamensprojekt.Server.csproj", "{63AE0306-86CA-4D1E-B465-179D95D512D5}"
EndProject
Project("{FAE04EC0-301F-11D3-BF4B-00C04F79EFBC}") = "Eksamensprojekt.Client", "Client\Eksamensprojekt.Client.csproj", "{1273114D-4488-4A76-93BB-DB379F6D9B0E}"
EndProject
Project("{FAE04EC0-301F-11D3-BF4B-00C04F79EFBC}") = "Eksamensprojekt.Shared", "Shared\Eksamensprojekt.Shared.csproj", "{4002DFC4-1F9A-4035-933C-D1FFC965BD99}"
EndProject
Global
	GlobalSection(SolutionConfigurationPlatforms) = preSolution
		Debug|Any CPU = Debug|Any CPU
		Release|Any CPU = Release|Any CPU
	EndGlobalSection
	GlobalSection(ProjectConfigurationPlatforms) = postSolution
		{63AE0306-86CA-4D1E-B465-179D95D512D5}.Debug|Any CPU.ActiveCfg = Debug|Any CPU
		{63AE0306-86CA-4D1E-B465-179D95D512D5}.Debug|Any CPU.Build.0 = Debug|Any CPU
		{63AE0306-86CA-4D1E-B465-179D95D512D5}.Release|Any CPU.ActiveCfg = Release|Any CPU
		{63AE0306-86CA-4D1E-B465-179D95D512D5}.Release|Any CPU.Build.0 = Release|Any CPU
		{1273114D-4488-4A76-93BB-DB379F6D9B0E}.Debug|Any CPU.ActiveCfg = Debug|Any CPU
		{1273114D-4488-4A76-93BB-DB379F6D9B0E}.Debug|Any CPU.Build.0 = Debug|Any CPU
		{1273114D-4488-4A76-93BB-DB379F6D9B0E}.Release|Any CPU.ActiveCfg = Release|Any CPU
		{1273114D-4488-4A76-93BB-DB379F6D9B0E}.Release|Any CPU.Build.0 = Release|Any CPU
		{4002DFC4-1F9A-4035-933C-D1FFC965BD99}.Debug|Any CPU.ActiveCfg = Debug|Any CPU
		{4002DFC4-1F9A-4035-933C-D1FFC965BD99}.Debug|Any CPU.Build.0 = Debug|Any CPU
		{4002DFC4-1F9A-4035-933C-D1FFC965BD99}.Release|Any CPU.ActiveCfg = Release|Any CPU
		{4002DFC4-1F9A-4035-933C-D1FFC965BD99}.Release|Any CPU.Build.0 = Release|Any CPU
	EndGlobalSection
	GlobalSection(SolutionProperties) = preSolution
		HideSolutionNode = FALSE
	EndGlobalSection
	GlobalSection(ExtensibilityGlobals) = postSolution
		SolutionGuid = {EC985733-BCE7-457D-B3DB-82141C4C0FF4}
	EndGlobalSection
EndGlobal
