
Microsoft Visual Studio Solution File, Format Version 12.00
# Visual Studio Version 17
VisualStudioVersion = 17.7.34031.279
MinimumVisualStudioVersion = 10.0.40219.1
Project("{FAE04EC0-301F-11D3-BF4B-00C04F79EFBC}") = "AbstractClassesInterfacesEnums", "AbstractClassesInterfacesEnums.csproj", "{449C13C9-167A-4E1B-9A51-C26805EB8274}"
EndProject
Global
	GlobalSection(SolutionConfigurationPlatforms) = preSolution
		Debug|Any CPU = Debug|Any CPU
		Release|Any CPU = Release|Any CPU
	EndGlobalSection
	GlobalSection(ProjectConfigurationPlatforms) = postSolution
		{449C13C9-167A-4E1B-9A51-C26805EB8274}.Debug|Any CPU.ActiveCfg = Debug|Any CPU
		{449C13C9-167A-4E1B-9A51-C26805EB8274}.Debug|Any CPU.Build.0 = Debug|Any CPU
		{449C13C9-167A-4E1B-9A51-C26805EB8274}.Release|Any CPU.ActiveCfg = Release|Any CPU
		{449C13C9-167A-4E1B-9A51-C26805EB8274}.Release|Any CPU.Build.0 = Release|Any CPU
	EndGlobalSection
	GlobalSection(SolutionProperties) = preSolution
		HideSolutionNode = FALSE
	EndGlobalSection
	GlobalSection(ExtensibilityGlobals) = postSolution
		SolutionGuid = {F297450D-1AF6-442C-BE3F-4F5BBDFE4D3B}
	EndGlobalSection
EndGlobal
