
Microsoft Visual Studio Solution File, Format Version 12.00
# Visual Studio Version 17
VisualStudioVersion = 17.7.34202.233
MinimumVisualStudioVersion = 10.0.40219.1
Project("{9A19103F-16F7-4668-BE54-9A1E7A4F7556}") = "BushcraftBlog.Server", "Server\BushcraftBlog.Server.csproj", "{6F561496-826C-4FDD-8E59-3B50B98AA17C}"
EndProject
Project("{9A19103F-16F7-4668-BE54-9A1E7A4F7556}") = "BushcraftBlog.Client", "Client\BushcraftBlog.Client.csproj", "{00293E81-E540-4652-B169-6BB9636B006C}"
EndProject
Project("{9A19103F-16F7-4668-BE54-9A1E7A4F7556}") = "BushcraftBlog.Shared", "Shared\BushcraftBlog.Shared.csproj", "{BAAB98A2-B43C-4A9E-A193-3AE635A22CC4}"
EndProject
Global
	GlobalSection(SolutionConfigurationPlatforms) = preSolution
		Debug|Any CPU = Debug|Any CPU
		Release|Any CPU = Release|Any CPU
	EndGlobalSection
	GlobalSection(ProjectConfigurationPlatforms) = postSolution
		{6F561496-826C-4FDD-8E59-3B50B98AA17C}.Debug|Any CPU.ActiveCfg = Debug|Any CPU
		{6F561496-826C-4FDD-8E59-3B50B98AA17C}.Debug|Any CPU.Build.0 = Debug|Any CPU
		{6F561496-826C-4FDD-8E59-3B50B98AA17C}.Release|Any CPU.ActiveCfg = Release|Any CPU
		{6F561496-826C-4FDD-8E59-3B50B98AA17C}.Release|Any CPU.Build.0 = Release|Any CPU
		{00293E81-E540-4652-B169-6BB9636B006C}.Debug|Any CPU.ActiveCfg = Debug|Any CPU
		{00293E81-E540-4652-B169-6BB9636B006C}.Debug|Any CPU.Build.0 = Debug|Any CPU
		{00293E81-E540-4652-B169-6BB9636B006C}.Release|Any CPU.ActiveCfg = Release|Any CPU
		{00293E81-E540-4652-B169-6BB9636B006C}.Release|Any CPU.Build.0 = Release|Any CPU
		{BAAB98A2-B43C-4A9E-A193-3AE635A22CC4}.Debug|Any CPU.ActiveCfg = Debug|Any CPU
		{BAAB98A2-B43C-4A9E-A193-3AE635A22CC4}.Debug|Any CPU.Build.0 = Debug|Any CPU
		{BAAB98A2-B43C-4A9E-A193-3AE635A22CC4}.Release|Any CPU.ActiveCfg = Release|Any CPU
		{BAAB98A2-B43C-4A9E-A193-3AE635A22CC4}.Release|Any CPU.Build.0 = Release|Any CPU
	EndGlobalSection
	GlobalSection(SolutionProperties) = preSolution
		HideSolutionNode = FALSE
	EndGlobalSection
	GlobalSection(ExtensibilityGlobals) = postSolution
		SolutionGuid = {2B99370E-0F0A-46CC-AB39-F468F3DBDEC3}
	EndGlobalSection
EndGlobal
