
Microsoft Visual Studio Solution File, Format Version 12.00
# Visual Studio Version 17
VisualStudioVersion = 17.7.34202.233
MinimumVisualStudioVersion = 10.0.40219.1
Project("{FAE04EC0-301F-11D3-BF4B-00C04F79EFBC}") = "BlazorWASMDemo.Server", "Server\BlazorWASMDemo.Server.csproj", "{1987AA45-4EED-4B14-8426-1AC15756EA63}"
EndProject
Project("{FAE04EC0-301F-11D3-BF4B-00C04F79EFBC}") = "BlazorWASMDemo.Client", "Client\BlazorWASMDemo.Client.csproj", "{F6975CF5-6093-43C7-9070-BFCC2A9F9C68}"
EndProject
Project("{FAE04EC0-301F-11D3-BF4B-00C04F79EFBC}") = "BlazorWASMDemo.Shared", "Shared\BlazorWASMDemo.Shared.csproj", "{7FE48747-AA5C-4AF5-83BF-8D6B1DFA6CBF}"
EndProject
Global
	GlobalSection(SolutionConfigurationPlatforms) = preSolution
		Debug|Any CPU = Debug|Any CPU
		Release|Any CPU = Release|Any CPU
	EndGlobalSection
	GlobalSection(ProjectConfigurationPlatforms) = postSolution
		{1987AA45-4EED-4B14-8426-1AC15756EA63}.Debug|Any CPU.ActiveCfg = Debug|Any CPU
		{1987AA45-4EED-4B14-8426-1AC15756EA63}.Debug|Any CPU.Build.0 = Debug|Any CPU
		{1987AA45-4EED-4B14-8426-1AC15756EA63}.Release|Any CPU.ActiveCfg = Release|Any CPU
		{1987AA45-4EED-4B14-8426-1AC15756EA63}.Release|Any CPU.Build.0 = Release|Any CPU
		{F6975CF5-6093-43C7-9070-BFCC2A9F9C68}.Debug|Any CPU.ActiveCfg = Debug|Any CPU
		{F6975CF5-6093-43C7-9070-BFCC2A9F9C68}.Debug|Any CPU.Build.0 = Debug|Any CPU
		{F6975CF5-6093-43C7-9070-BFCC2A9F9C68}.Release|Any CPU.ActiveCfg = Release|Any CPU
		{F6975CF5-6093-43C7-9070-BFCC2A9F9C68}.Release|Any CPU.Build.0 = Release|Any CPU
		{7FE48747-AA5C-4AF5-83BF-8D6B1DFA6CBF}.Debug|Any CPU.ActiveCfg = Debug|Any CPU
		{7FE48747-AA5C-4AF5-83BF-8D6B1DFA6CBF}.Debug|Any CPU.Build.0 = Debug|Any CPU
		{7FE48747-AA5C-4AF5-83BF-8D6B1DFA6CBF}.Release|Any CPU.ActiveCfg = Release|Any CPU
		{7FE48747-AA5C-4AF5-83BF-8D6B1DFA6CBF}.Release|Any CPU.Build.0 = Release|Any CPU
	EndGlobalSection
	GlobalSection(SolutionProperties) = preSolution
		HideSolutionNode = FALSE
	EndGlobalSection
	GlobalSection(ExtensibilityGlobals) = postSolution
		SolutionGuid = {210C5680-2652-4A1F-A144-1F534F128CA7}
	EndGlobalSection
EndGlobal
